
Microsoft Visual Studio Solution File, Format Version 12.00
# Visual Studio Version 16
VisualStudioVersion = 16.0.30011.22
MinimumVisualStudioVersion = 10.0.40219.1
Project("{FAE04EC0-301F-11D3-BF4B-00C04F79EFBC}") = "Cwiczenia5.10", "Cwiczenia5.10\Cwiczenia5.10.csproj", "{D4F7EDB5-75FF-49C2-8026-06AB0019758F}"
EndProject
Global
	GlobalSection(SolutionConfigurationPlatforms) = preSolution
		Debug|Any CPU = Debug|Any CPU
		Release|Any CPU = Release|Any CPU
	EndGlobalSection
	GlobalSection(ProjectConfigurationPlatforms) = postSolution
		{D4F7EDB5-75FF-49C2-8026-06AB0019758F}.Debug|Any CPU.ActiveCfg = Debug|Any CPU
		{D4F7EDB5-75FF-49C2-8026-06AB0019758F}.Debug|Any CPU.Build.0 = Debug|Any CPU
		{D4F7EDB5-75FF-49C2-8026-06AB0019758F}.Release|Any CPU.ActiveCfg = Release|Any CPU
		{D4F7EDB5-75FF-49C2-8026-06AB0019758F}.Release|Any CPU.Build.0 = Release|Any CPU
	EndGlobalSection
	GlobalSection(SolutionProperties) = preSolution
		HideSolutionNode = FALSE
	EndGlobalSection
	GlobalSection(ExtensibilityGlobals) = postSolution
		SolutionGuid = {9332C0F9-D490-4CC6-AF8A-D83C7F52728E}
	EndGlobalSection
EndGlobal
